<?xml version="1.0" encoding="utf-8"?>
<Project ToolsVersion="4.0" xmlns="http://schemas.microsoft.com/developer/msbuild/2003">
  <ItemGroup>
    <Filter Include="ソース ファイル">
      <UniqueIdentifier>{4FC737F1-C7A5-4376-A066-2A32D752A2FF}</UniqueIdentifier>
      <Extensions>cpp;c;cc;cxx;def;odl;idl;hpj;bat;asm;asmx</Extensions>
    </Filter>
    <Filter Include="ヘッダー ファイル">
      <UniqueIdentifier>{93995380-89BD-4b04-88EB-625FBE52EBFB}</UniqueIdentifier>
      <Extensions>h;hpp;hxx;hm;inl;inc;xsd</Extensions>
    </Filter>
    <Filter Include="リソース ファイル">
      <UniqueIdentifier>{67DA6AB6-F800-4c08-8B7A-83BB121AAD01}</UniqueIdentifier>
      <Extensions>rc;ico;cur;bmp;dlg;rc2;rct;bin;rgs;gif;jpg;jpeg;jpe;resx;tiff;tif;png;wav</Extensions>
    </Filter>
  </ItemGroup>
  <ItemGroup>
    <ClCompile Include="MISC.C">
      <Filter>ソース ファイル</Filter>
    </ClCompile>
    <ClCompile Include="PuTTYLib.cpp">
      <Filter>ソース ファイル</Filter>
    </ClCompile>
    <ClCompile Include="SSHBN.C">
      <Filter>ソース ファイル</Filter>
    </ClCompile>
    <ClCompile Include="WINDOWS\WINPGNTC.C">
      <Filter>ソース ファイル</Filter>
    </ClCompile>
  </ItemGroup>
  <ItemGroup>
    <ClInclude Include="INCLUDES.H">
      <Filter>ヘッダー ファイル</Filter>
    </ClInclude>
    <ClInclude Include="INT64.H">
      <Filter>ヘッダー ファイル</Filter>
    </ClInclude>
    <ClInclude Include="MISC.H">
      <Filter>ヘッダー ファイル</Filter>
    </ClInclude>
    <ClInclude Include="NETWORK.H">
      <Filter>ヘッダー ファイル</Filter>
    </ClInclude>
    <ClInclude Include="PUTTY.H">
      <Filter>ヘッダー ファイル</Filter>
    </ClInclude>
    <ClInclude Include="PuTTYLib.h">
      <Filter>ヘッダー ファイル</Filter>
    </ClInclude>
    <ClInclude Include="PUTTYMEM.H">
      <Filter>ヘッダー ファイル</Filter>
    </ClInclude>
    <ClInclude Include="PUTTYPS.H">
      <Filter>ヘッダー ファイル</Filter>
    </ClInclude>
    <ClInclude Include="SSH.H">
      <Filter>ヘッダー ファイル</Filter>
    </ClInclude>
    <ClInclude Include="TREE234.H">
      <Filter>ヘッダー ファイル</Filter>
    </ClInclude>
    <ClInclude Include="WINDOWS\WINHELP.H">
      <Filter>ヘッダー ファイル</Filter>
    </ClInclude>
    <ClInclude Include="WINDOWS\WINSTUFF.H">
      <Filter>ヘッダー ファイル</Filter>
    </ClInclude>
  </ItemGroup>
  <ItemGroup>
    <None Include="ReadMe.txt" />
  </ItemGroup>
</Project>